
Microsoft Visual Studio Solution File, Format Version 12.00
# Visual Studio Version 16
VisualStudioVersion = 25.0.1705.0
MinimumVisualStudioVersion = 10.0.40219.1
Project("{FAE04EC0-301F-11D3-BF4B-00C04F79EFBC}") = "BookingApplication.Client", "BookingApplication.Client\BookingApplication.Client.csproj", "{50FDC908-B33D-4AC7-9DBB-2C0096DE827B}"
EndProject
Project("{FAE04EC0-301F-11D3-BF4B-00C04F79EFBC}") = "BookingApplication.Shared", "BookingApplication.Shared\BookingApplication.Shared.csproj", "{6FAA5F9F-E09E-46D7-80A6-B4104FDB90E2}"
EndProject
Global
	GlobalSection(SolutionConfigurationPlatforms) = preSolution
		Debug|Any CPU = Debug|Any CPU
		Release|Any CPU = Release|Any CPU
	EndGlobalSection
	GlobalSection(ProjectConfigurationPlatforms) = postSolution
		{50FDC908-B33D-4AC7-9DBB-2C0096DE827B}.Debug|Any CPU.ActiveCfg = Debug|Any CPU
		{50FDC908-B33D-4AC7-9DBB-2C0096DE827B}.Debug|Any CPU.Build.0 = Debug|Any CPU
		{50FDC908-B33D-4AC7-9DBB-2C0096DE827B}.Release|Any CPU.ActiveCfg = Release|Any CPU
		{50FDC908-B33D-4AC7-9DBB-2C0096DE827B}.Release|Any CPU.Build.0 = Release|Any CPU
		{6FAA5F9F-E09E-46D7-80A6-B4104FDB90E2}.Debug|Any CPU.ActiveCfg = Debug|Any CPU
		{6FAA5F9F-E09E-46D7-80A6-B4104FDB90E2}.Debug|Any CPU.Build.0 = Debug|Any CPU
		{6FAA5F9F-E09E-46D7-80A6-B4104FDB90E2}.Release|Any CPU.ActiveCfg = Release|Any CPU
		{6FAA5F9F-E09E-46D7-80A6-B4104FDB90E2}.Release|Any CPU.Build.0 = Release|Any CPU
	EndGlobalSection
	GlobalSection(SolutionProperties) = preSolution
		HideSolutionNode = FALSE
	EndGlobalSection
	GlobalSection(ExtensibilityGlobals) = postSolution
		SolutionGuid = {47D0C230-9CC7-45D3-9AE8-4739EEEAE18C}
	EndGlobalSection
EndGlobal
